
Microsoft Visual Studio Solution File, Format Version 12.00
# Visual Studio Version 17
VisualStudioVersion = 17.6.33723.286
MinimumVisualStudioVersion = 10.0.40219.1
Project("{9A19103F-16F7-4668-BE54-9A1E7A4F7556}") = "Archipelago_Inscryption", "Archipelago_Inscryption\Archipelago_Inscryption.csproj", "{0328DE6F-5575-4CB4-AC1D-E2914772E3CC}"
EndProject
Global
	GlobalSection(SolutionConfigurationPlatforms) = preSolution
		Debug|Any CPU = Debug|Any CPU
		Release|Any CPU = Release|Any CPU
	EndGlobalSection
	GlobalSection(ProjectConfigurationPlatforms) = postSolution
		{0328DE6F-5575-4CB4-AC1D-E2914772E3CC}.Debug|Any CPU.ActiveCfg = Debug|Any CPU
		{0328DE6F-5575-4CB4-AC1D-E2914772E3CC}.Debug|Any CPU.Build.0 = Debug|Any CPU
		{0328DE6F-5575-4CB4-AC1D-E2914772E3CC}.Release|Any CPU.ActiveCfg = Release|Any CPU
		{0328DE6F-5575-4CB4-AC1D-E2914772E3CC}.Release|Any CPU.Build.0 = Release|Any CPU
	EndGlobalSection
	GlobalSection(SolutionProperties) = preSolution
		HideSolutionNode = FALSE
	EndGlobalSection
	GlobalSection(ExtensibilityGlobals) = postSolution
		SolutionGuid = {BF241F75-2D23-47DD-8961-7DAB2F9DAC02}
	EndGlobalSection
EndGlobal
